<Solution>
  <Folder Name="/Solution Items/">
    <File Path="eplan api addin.ico" />
    <File Path="README-cn.md" />
    <File Path="README.md" />
  </Folder>
  <Project Path="EPLAN_ADDIN_TEMPLATE.Wizard/EPLAN_ADDIN_TEMPLATE.Wizard.csproj" Id="c7d892d7-58e9-4b8a-9b9a-538d1b567b55" />
  <Project Path="EPLAN_ADDIN_TEMPLATE/EPLAN_ADDIN_TEMPLATE.csproj" Id="a24abf7f-730e-4fb8-bb82-bbe3dbcdd9cb" />
</Solution>
